Microsoft Visual Studio Solution File, Format Version 12.00
# Visual Studio Version 17
VisualStudioVersion = 17.5.2.0
MinimumVisualStudioVersion = 10.0.40219.1
Project("{FAE04EC0-301F-11D3-BF4B-00C04F79EFBC}") = "SombrancelhaApp.Api", "SombrancelhaApp.Api.csproj", "{4A595165-8189-1D12-E592-60B2B5F3F9E6}"
EndProject
Global
	GlobalSection(SolutionConfigurationPlatforms) = preSolution
		Debug|Any CPU = Debug|Any CPU
		Release|Any CPU = Release|Any CPU
	EndGlobalSection
	GlobalSection(ProjectConfigurationPlatforms) = postSolution
		{4A595165-8189-1D12-E592-60B2B5F3F9E6}.Debug|Any CPU.ActiveCfg = Debug|Any CPU
		{4A595165-8189-1D12-E592-60B2B5F3F9E6}.Debug|Any CPU.Build.0 = Debug|Any CPU
		{4A595165-8189-1D12-E592-60B2B5F3F9E6}.Release|Any CPU.ActiveCfg = Release|Any CPU
		{4A595165-8189-1D12-E592-60B2B5F3F9E6}.Release|Any CPU.Build.0 = Release|Any CPU
	EndGlobalSection
	GlobalSection(SolutionProperties) = preSolution
		HideSolutionNode = FALSE
	EndGlobalSection
	GlobalSection(ExtensibilityGlobals) = postSolution
		SolutionGuid = {6482A5E5-1B7C-4AA8-82DD-FD3B1AE858E6}
	EndGlobalSection
EndGlobal
